
Microsoft Visual Studio Solution File, Format Version 12.00
# Visual Studio Version 16
VisualStudioVersion = 16.0.31410.357
MinimumVisualStudioVersion = 10.0.40219.1
Project("{FAE04EC0-301F-11D3-BF4B-00C04F79EFBC}") = "ValidPerfectSquare", "ValidPerfectSquare\ValidPerfectSquare.csproj", "{1FEE5301-FEAE-495B-9679-4EA290CFECCE}"
EndProject
Global
	GlobalSection(SolutionConfigurationPlatforms) = preSolution
		Debug|Any CPU = Debug|Any CPU
		Release|Any CPU = Release|Any CPU
	EndGlobalSection
	GlobalSection(ProjectConfigurationPlatforms) = postSolution
		{1FEE5301-FEAE-495B-9679-4EA290CFECCE}.Debug|Any CPU.ActiveCfg = Debug|Any CPU
		{1FEE5301-FEAE-495B-9679-4EA290CFECCE}.Debug|Any CPU.Build.0 = Debug|Any CPU
		{1FEE5301-FEAE-495B-9679-4EA290CFECCE}.Release|Any CPU.ActiveCfg = Release|Any CPU
		{1FEE5301-FEAE-495B-9679-4EA290CFECCE}.Release|Any CPU.Build.0 = Release|Any CPU
	EndGlobalSection
	GlobalSection(SolutionProperties) = preSolution
		HideSolutionNode = FALSE
	EndGlobalSection
	GlobalSection(ExtensibilityGlobals) = postSolution
		SolutionGuid = {73A36133-92DB-4C53-ABA6-7A4F74E98CF7}
	EndGlobalSection
EndGlobal
